
Microsoft Visual Studio Solution File, Format Version 12.00
# Visual Studio Version 17
VisualStudioVersion = 17.0.31521.260
MinimumVisualStudioVersion = 10.0.40219.1
Project("{8BC9CEB8-8B4A-11D0-8D11-00A0C91BC942}") = "I Love You Demo", "I Love You Demo\I Love You Demo.vcxproj", "{609512C6-CC3F-4376-BB5B-CB8F1E89A613}"
EndProject
Project("{8BC9CEB8-8B4A-11D0-8D11-00A0C91BC942}") = "Data", "Data\Data.vcxitems", "{926F440C-2F0A-4452-A781-66226763BEBA}"
EndProject
Global
	GlobalSection(SharedMSBuildProjectFiles) = preSolution
		Data\Data.vcxitems*{609512c6-cc3f-4376-bb5b-cb8f1e89a613}*SharedItemsImports = 4
		Data\Data.vcxitems*{926f440c-2f0a-4452-a781-66226763beba}*SharedItemsImports = 9
	EndGlobalSection
	GlobalSection(SolutionConfigurationPlatforms) = preSolution
		Debug|x64 = Debug|x64
		Debug|x86 = Debug|x86
		Release|x64 = Release|x64
		Release|x86 = Release|x86
	EndGlobalSection
	GlobalSection(ProjectConfigurationPlatforms) = postSolution
		{609512C6-CC3F-4376-BB5B-CB8F1E89A613}.Debug|x64.ActiveCfg = Debug|x64
		{609512C6-CC3F-4376-BB5B-CB8F1E89A613}.Debug|x64.Build.0 = Debug|x64
		{609512C6-CC3F-4376-BB5B-CB8F1E89A613}.Debug|x86.ActiveCfg = Debug|Win32
		{609512C6-CC3F-4376-BB5B-CB8F1E89A613}.Debug|x86.Build.0 = Debug|Win32
		{609512C6-CC3F-4376-BB5B-CB8F1E89A613}.Release|x64.ActiveCfg = Release|x64
		{609512C6-CC3F-4376-BB5B-CB8F1E89A613}.Release|x64.Build.0 = Release|x64
		{609512C6-CC3F-4376-BB5B-CB8F1E89A613}.Release|x86.ActiveCfg = Release|Win32
		{609512C6-CC3F-4376-BB5B-CB8F1E89A613}.Release|x86.Build.0 = Release|Win32
	EndGlobalSection
	GlobalSection(SolutionProperties) = preSolution
		HideSolutionNode = FALSE
	EndGlobalSection
	GlobalSection(ExtensibilityGlobals) = postSolution
		SolutionGuid = {4E5DE8FF-A4F7-4AF5-9BCE-05BEA83526FE}
	EndGlobalSection
EndGlobal
