<?xml version="1.0" encoding="utf-8"?>
<Project ToolsVersion="4.0" xmlns="http://schemas.microsoft.com/developer/msbuild/2003">
  <ItemGroup>
    <Filter Include="Header Files">
      <UniqueIdentifier>{6a61843b-d476-4c56-a9bc-8430a4ab199f}</UniqueIdentifier>
    </Filter>
  </ItemGroup>
  <ItemGroup>
    <ClInclude Include="$(MSBuildThisFileDirectory)DisplayUtils.h">
      <Filter>Header Files</Filter>
    </ClInclude>
  </ItemGroup>
</Project>