<?xml version="1.0" encoding="utf-8"?>
<Project ToolsVersion="4.0" xmlns="http://schemas.microsoft.com/developer/msbuild/2003">
  <ItemGroup>
    <Filter Include="Header Files">
      <UniqueIdentifier>{eb22c959-65bb-4280-b96e-3cf528015c5a}</UniqueIdentifier>
    </Filter>
  </ItemGroup>
  <ItemGroup>
    <ClInclude Include="$(MSBuildThisFileDirectory)SystemErrorHelpers.h">
      <Filter>Header Files</Filter>
    </ClInclude>
  </ItemGroup>
</Project>